// !$*UTF8*$!
{
	archiveVersion = 1;
	classes = {
	};
	objectVersion = 46;
	objects = {

/* Begin PBXBuildFile section */
		D432315F1EC2368700ACE326 /* PokedexViewController.swift in Sources */ = {isa = PBXBuildFile; fileRef = D432315E1EC2368700ACE326 /* PokedexViewController.swift */; };
		D43231611EC23A4D00ACE326 /* CoreDataHelp.swift in Sources */ = {isa = PBXBuildFile; fileRef = D43231601EC23A4D00ACE326 /* CoreDataHelp.swift */; };
		D49FC8091EC0D0FF00D09CF3 /* AppDelegate.swift in Sources */ = {isa = PBXBuildFile; fileRef = D49FC8081EC0D0FF00D09CF3 /* AppDelegate.swift */; };
		D49FC80B1EC0D0FF00D09CF3 /* ViewController.swift in Sources */ = {isa = PBXBuildFile; fileRef = D49FC80A1EC0D0FF00D09CF3 /* ViewController.swift */; };
		D49FC80E1EC0D0FF00D09CF3 /* Main.storyboard in Resources */ = {isa = PBXBuildFile; fileRef = D49FC80C1EC0D0FF00D09CF3 /* Main.storyboard */; };
		D49FC8111EC0D0FF00D09CF3 /* Pokemon_jr_.xcdatamodeld in Sources */ = {isa = PBXBuildFile; fileRef = D49FC80F1EC0D0FF00D09CF3 /* Pokemon_jr_.xcdatamodeld */; };
		D49FC8131EC0D0FF00D09CF3 /* Assets.xcassets in Resources */ = {isa = PBXBuildFile; fileRef = D49FC8121EC0D0FF00D09CF3 /* Assets.xcassets */; };
		D49FC8161EC0D0FF00D09CF3 /* LaunchScreen.storyboard in Resources */ = {isa = PBXBuildFile; fileRef = D49FC8141EC0D0FF00D09CF3 /* LaunchScreen.storyboard */; };
		D49FC81F1EC0D36C00D09CF3 /* MapKit.framework in Frameworks */ = {isa = PBXBuildFile; fileRef = D49FC81E1EC0D36C00D09CF3 /* MapKit.framework */; };
/* End PBXBuildFile section */

/* Begin PBXFileReference section */
		D432315E1EC2368700ACE326 /* PokedexViewController.swift */ = {isa = PBXFileReference; fileEncoding = 4; lastKnownFileType = sourcecode.swift; path = PokedexViewController.swift; sourceTree = "<group>"; };
		D43231601EC23A4D00ACE326 /* CoreDataHelp.swift */ = {isa = PBXFileReference; fileEncoding = 4; lastKnownFileType = sourcecode.swift; path = CoreDataHelp.swift; sourceTree = "<group>"; };
		D49FC8051EC0D0FE00D09CF3 /* Pokemon jr..app */ = {isa = PBXFileReference; explicitFileType = wrapper.application; includeInIndex = 0; path = "Pokemon jr..app"; sourceTree = BUILT_PRODUCTS_DIR; };
		D49FC8081EC0D0FF00D09CF3 /* AppDelegate.swift */ = {isa = PBXFileReference; lastKnownFileType = sourcecode.swift; path = AppDelegate.swift; sourceTree = "<group>"; };
		D49FC80A1EC0D0FF00D09CF3 /* ViewController.swift */ = {isa = PBXFileReference; lastKnownFileType = sourcecode.swift; path = ViewController.swift; sourceTree = "<group>"; };
		D49FC80D1EC0D0FF00D09CF3 /* Base */ = {isa = PBXFileReference; lastKnownFileType = file.storyboard; name = Base; path = Base.lproj/Main.storyboard; sourceTree = "<group>"; };
		D49FC8101EC0D0FF00D09CF3 /* Pokemon_jr_.xcdatamodel */ = {isa = PBXFileReference; lastKnownFileType = wrapper.xcdatamodel; path = Pokemon_jr_.xcdatamodel; sourceTree = "<group>"; };
		D49FC8121EC0D0FF00D09CF3 /* Assets.xcassets */ = {isa = PBXFileReference; lastKnownFileType = folder.assetcatalog; path = Assets.xcassets; sourceTree = "<group>"; };
		D49FC8151EC0D0FF00D09CF3 /* Base */ = {isa = PBXFileReference; lastKnownFileType = file.storyboard; name = Base; path = Base.lproj/LaunchScreen.storyboard; sourceTree = "<group>"; };
		D49FC8171EC0D0FF00D09CF3 /* Info.plist */ = {isa = PBXFileReference; lastKnownFileType = text.plist.xml; path = Info.plist; sourceTree = "<group>"; };
		D49FC81E1EC0D36C00D09CF3 /* MapKit.framework */ = {isa = PBXFileReference; lastKnownFileType = wrapper.framework; name = MapKit.framework; path = System/Library/Frameworks/MapKit.framework; sourceTree = SDKROOT; };
/* End PBXFileReference section */

/* Begin PBXFrameworksBuildPhase section */
		D49FC8021EC0D0FE00D09CF3 /* Frameworks */ = {
			isa = PBXFrameworksBuildPhase;
			buildActionMask = 2147483647;
			files = (
				D49FC81F1EC0D36C00D09CF3 /* MapKit.framework in Frameworks */,
			);
			runOnlyForDeploymentPostprocessing = 0;
		};
/* End PBXFrameworksBuildPhase section */

/* Begin PBXGroup section */
		D49FC7FC1EC0D0FE00D09CF3 = {
			isa = PBXGroup;
			children = (
				D49FC8071EC0D0FE00D09CF3 /* Pokemon jr. */,
				D49FC8061EC0D0FE00D09CF3 /* Products */,
				D49FC81D1EC0D36C00D09CF3 /* Frameworks */,
			);
			sourceTree = "<group>";
		};
		D49FC8061EC0D0FE00D09CF3 /* Products */ = {
			isa = PBXGroup;
			children = (
				D49FC8051EC0D0FE00D09CF3 /* Pokemon jr..app */,
			);
			name = Products;
			sourceTree = "<group>";
		};
		D49FC8071EC0D0FE00D09CF3 /* Pokemon jr. */ = {
			isa = PBXGroup;
			children = (
				D49FC8081EC0D0FF00D09CF3 /* AppDelegate.swift */,
				D49FC80A1EC0D0FF00D09CF3 /* ViewController.swift */,
				D432315E1EC2368700ACE326 /* PokedexViewController.swift */,
				D43231601EC23A4D00ACE326 /* CoreDataHelp.swift */,
				D49FC80C1EC0D0FF00D09CF3 /* Main.storyboard */,
				D49FC8121EC0D0FF00D09CF3 /* Assets.xcassets */,
				D49FC8141EC0D0FF00D09CF3 /* LaunchScreen.storyboard */,
				D49FC8171EC0D0FF00D09CF3 /* Info.plist */,
				D49FC80F1EC0D0FF00D09CF3 /* Pokemon_jr_.xcdatamodeld */,
			);
			path = "Pokemon jr.";
			sourceTree = "<group>";
		};
		D49FC81D1EC0D36C00D09CF3 /* Frameworks */ = {
			isa = PBXGroup;
			children = (
				D49FC81E1EC0D36C00D09CF3 /* MapKit.framework */,
			);
			name = Frameworks;
			sourceTree = "<group>";
		};
/* End PBXGroup section */

/* Begin PBXNativeTarget section */
		D49FC8041EC0D0FE00D09CF3 /* Pokemon jr. */ = {
			isa = PBXNativeTarget;
			buildConfigurationList = D49FC81A1EC0D0FF00D09CF3 /* Build configuration list for PBXNativeTarget "Pokemon jr." */;
			buildPhases = (
				D49FC8011EC0D0FE00D09CF3 /* Sources */,
				D49FC8021EC0D0FE00D09CF3 /* Frameworks */,
				D49FC8031EC0D0FE00D09CF3 /* Resources */,
			);
			buildRules = (
			);
			dependencies = (
			);
			name = "Pokemon jr.";
			productName = "Pokemon jr.";
			productReference = D49FC8051EC0D0FE00D09CF3 /* Pokemon jr..app */;
			productType = "com.apple.product-type.application";
		};
/* End PBXNativeTarget section */

/* Begin PBXProject section */
		D49FC7FD1EC0D0FE00D09CF3 /* Project object */ = {
			isa = PBXProject;
			attributes = {
				LastSwiftUpdateCheck = 0830;
				LastUpgradeCheck = 0830;
				ORGANIZATIONNAME = "Developer Warriors";
				TargetAttributes = {
					D49FC8041EC0D0FE00D09CF3 = {
						CreatedOnToolsVersion = 8.3.1;
						DevelopmentTeam = M5PT8574CS;
						ProvisioningStyle = Automatic;
					};
				};
			};
			buildConfigurationList = D49FC8001EC0D0FE00D09CF3 /* Build configuration list for PBXProject "Pokemon jr." */;
			compatibilityVersion = "Xcode 3.2";
			developmentRegion = English;
			hasScannedForEncodings = 0;
			knownRegions = (
				en,
				Base,
			);
			mainGroup = D49FC7FC1EC0D0FE00D09CF3;
			productRefGroup = D49FC8061EC0D0FE00D09CF3 /* Products */;
			projectDirPath = "";
			projectRoot = "";
			targets = (
				D49FC8041EC0D0FE00D09CF3 /* Pokemon jr. */,
			);
		};
/* End PBXProject section */

/* Begin PBXResourcesBuildPhase section */
		D49FC8031EC0D0FE00D09CF3 /* Resources */ = {
			isa = PBXResourcesBuildPhase;
			buildActionMask = 2147483647;
			files = (
				D49FC8161EC0D0FF00D09CF3 /* LaunchScreen.storyboard in Resources */,
				D49FC8131EC0D0FF00D09CF3 /* Assets.xcassets in Resources */,
				D49FC80E1EC0D0FF00D09CF3 /* Main.storyboard in Resources */,
			);
			runOnlyForDeploymentPostprocessing = 0;
		};
/* End PBXResourcesBuildPhase section */

/* Begin PBXSourcesBuildPhase section */
		D49FC8011EC0D0FE00D09CF3 /* Sources */ = {
			isa = PBXSourcesBuildPhase;
			buildActionMask = 2147483647;
			files = (
				D49FC8111EC0D0FF00D09CF3 /* Pokemon_jr_.xcdatamodeld in Sources */,
				D432315F1EC2368700ACE326 /* PokedexViewController.swift in Sources */,
				D49FC80B1EC0D0FF00D09CF3 /* ViewController.swift in Sources */,
				D43231611EC23A4D00ACE326 /* CoreDataHelp.swift in Sources */,
				D49FC8091EC0D0FF00D09CF3 /* AppDelegate.swift in Sources */,
			);
			runOnlyForDeploymentPostprocessing = 0;
		};
/* End PBXSourcesBuildPhase section */

/* Begin PBXVariantGroup section */
		D49FC80C1EC0D0FF00D09CF3 /* Main.storyboard */ = {
			isa = PBXVariantGroup;
			children = (
				D49FC80D1EC0D0FF00D09CF3 /* Base */,
			);
			name = Main.storyboard;
			sourceTree = "<group>";
		};
		D49FC8141EC0D0FF00D09CF3 /* LaunchScreen.storyboard */ = {
			isa = PBXVariantGroup;
			children = (
				D49FC8151EC0D0FF00D09CF3 /* Base */,
			);
			name = LaunchScreen.storyboard;
			sourceTree = "<group>";
		};
/* End PBXVariantGroup section */

/* Begin XCBuildConfiguration section */
		D49FC8181EC0D0FF00D09CF3 /* Debug */ = {
			isa = XCBuildConfiguration;
			buildSettings = {
				ALWAYS_SEARCH_USER_PATHS = NO;
				CLANG_ANALYZER_NONNULL = YES;
				CLANG_ANALYZER_NUMBER_OBJECT_CONVERSION = YES_AGGRESSIVE;
				CLANG_CXX_LANGUAGE_STANDARD = "gnu++0x";
				CLANG_CXX_LIBRARY = "libc++";
				CLANG_ENABLE_MODULES = YES;
				CLANG_ENABLE_OBJC_ARC = YES;
				CLANG_WARN_BOOL_CONVERSION = YES;
				CLANG_WARN_CONSTANT_CONVERSION = YES;
				CLANG_WARN_DIRECT_OBJC_ISA_USAGE = YES_ERROR;
				CLANG_WARN_DOCUMENTATION_COMMENTS = YES;
				CLANG_WARN_EMPTY_BODY = YES;
				CLANG_WARN_ENUM_CONVERSION = YES;
				CLANG_WARN_INFINITE_RECURSION = YES;
				CLANG_WARN_INT_CONVERSION = YES;
				CLANG_WARN_OBJC_ROOT_CLASS = YES_ERROR;
				CLANG_WARN_SUSPICIOUS_MOVE = YES;
				CLANG_WARN_UNREACHABLE_CODE = YES;
				CLANG_WARN__DUPLICATE_METHOD_MATCH = YES;
				"CODE_SIGN_IDENTITY[sdk=iphoneos*]" = "iPhone Developer";
				COPY_PHASE_STRIP = NO;
				DEBUG_INFORMATION_FORMAT = dwarf;
				ENABLE_STRICT_OBJC_MSGSEND = YES;
				ENABLE_TESTABILITY = YES;
				GCC_C_LANGUAGE_STANDARD = gnu99;
				GCC_DYNAMIC_NO_PIC = NO;
				GCC_NO_COMMON_BLOCKS = YES;
				GCC_OPTIMIZATION_LEVEL = 0;
				GCC_PREPROCESSOR_DEFINITIONS = (
					"DEBUG=1",
					"$(inherited)",
				);
				GCC_WARN_64_TO_32_BIT_CONVERSION = YES;
				GCC_WARN_ABOUT_RETURN_TYPE = YES_ERROR;
				GCC_WARN_UNDECLARED_SELECTOR = YES;
				GCC_WARN_UNINITIALIZED_AUTOS = YES_AGGRESSIVE;
				GCC_WARN_UNUSED_FUNCTION = YES;
				GCC_WARN_UNUSED_VARIABLE = YES;
				IPHONEOS_DEPLOYMENT_TARGET = 10.3;
				MTL_ENABLE_DEBUG_INFO = YES;
				ONLY_ACTIVE_ARCH = YES;
				SDKROOT = iphoneos;
				SWIFT_ACTIVE_COMPILATION_CONDITIONS = DEBUG;
				SWIFT_OPTIMIZATION_LEVEL = "-Onone";
				TARGETED_DEVICE_FAMILY = "1,2";
			};
			name = Debug;
		};
		D49FC8191EC0D0FF00D09CF3 /* Release */ = {
			isa = XCBuildConfiguration;
			buildSettings = {
				ALWAYS_SEARCH_USER_PATHS = NO;
				CLANG_ANALYZER_NONNULL = YES;
				CLANG_ANALYZER_NUMBER_OBJECT_CONVERSION = YES_AGGRESSIVE;
				CLANG_CXX_LANGUAGE_STANDARD = "gnu++0x";
				CLANG_CXX_LIBRARY = "libc++";
				CLANG_ENABLE_MODULES = YES;
				CLANG_ENABLE_OBJC_ARC = YES;
				CLANG_WARN_BOOL_CONVERSION = YES;
				CLANG_WARN_CONSTANT_CONVERSION = YES;
				CLANG_WARN_DIRECT_OBJC_ISA_USAGE = YES_ERROR;
				CLANG_WARN_DOCUMENTATION_COMMENTS = YES;
				CLANG_WARN_EMPTY_BODY = YES;
				CLANG_WARN_ENUM_CONVERSION = YES;
				CLANG_WARN_INFINITE_RECURSION = YES;
				CLANG_WARN_INT_CONVERSION = YES;
				CLANG_WARN_OBJC_ROOT_CLASS = YES_ERROR;
				CLANG_WARN_SUSPICIOUS_MOVE = YES;
				CLANG_WARN_UNREACHABLE_CODE = YES;
				CLANG_WARN__DUPLICATE_METHOD_MATCH = YES;
				"CODE_SIGN_IDENTITY[sdk=iphoneos*]" = "iPhone Developer";
				COPY_PHASE_STRIP = NO;
				DEBUG_INFORMATION_FORMAT = "dwarf-with-dsym";
				ENABLE_NS_ASSERTIONS = NO;
				ENABLE_STRICT_OBJC_MSGSEND = YES;
				GCC_C_LANGUAGE_STANDARD = gnu99;
				GCC_NO_COMMON_BLOCKS = YES;
				GCC_WARN_64_TO_32_BIT_CONVERSION = YES;
				GCC_WARN_ABOUT_RETURN_TYPE = YES_ERROR;
				GCC_WARN_UNDECLARED_SELECTOR = YES;
				GCC_WARN_UNINITIALIZED_AUTOS = YES_AGGRESSIVE;
				GCC_WARN_UNUSED_FUNCTION = YES;
				GCC_WARN_UNUSED_VARIABLE = YES;
				IPHONEOS_DEPLOYMENT_TARGET = 10.3;
				MTL_ENABLE_DEBUG_INFO = NO;
				SDKROOT = iphoneos;
				SWIFT_OPTIMIZATION_LEVEL = "-Owholemodule";
				TARGETED_DEVICE_FAMILY = "1,2";
				VALIDATE_PRODUCT = YES;
			};
			name = Release;
		};
		D49FC81B1EC0D0FF00D09CF3 /* Debug */ = {
			isa = XCBuildConfiguration;
			buildSettings = {
				ASSETCATALOG_COMPILER_APPICON_NAME = AppIcon;
				DEVELOPMENT_TEAM = M5PT8574CS;
				INFOPLIST_FILE = "Pokemon jr./Info.plist";
				LD_RUNPATH_SEARCH_PATHS = "$(inherited) @executable_path/Frameworks";
				PRODUCT_BUNDLE_IDENTIFIER = "com.developerwarriors.Pokemon-jr-";
				PRODUCT_NAME = "$(TARGET_NAME)";
				SWIFT_VERSION = 3.0;
			};
			name = Debug;
		};
		D49FC81C1EC0D0FF00D09CF3 /* Release */ = {
			isa = XCBuildConfiguration;
			buildSettings = {
				ASSETCATALOG_COMPILER_APPICON_NAME = AppIcon;
				DEVELOPMENT_TEAM = M5PT8574CS;
				INFOPLIST_FILE = "Pokemon jr./Info.plist";
				LD_RUNPATH_SEARCH_PATHS = "$(inherited) @executable_path/Frameworks";
				PRODUCT_BUNDLE_IDENTIFIER = "com.developerwarriors.Pokemon-jr-";
				PRODUCT_NAME = "$(TARGET_NAME)";
				SWIFT_VERSION = 3.0;
			};
			name = Release;
		};
/* End XCBuildConfiguration section */

/* Begin XCConfigurationList section */
		D49FC8001EC0D0FE00D09CF3 /* Build configuration list for PBXProject "Pokemon jr." */ = {
			isa = XCConfigurationList;
			buildConfigurations = (
				D49FC8181EC0D0FF00D09CF3 /* Debug */,
				D49FC8191EC0D0FF00D09CF3 /* Release */,
			);
			defaultConfigurationIsVisible = 0;
			defaultConfigurationName = Release;
		};
		D49FC81A1EC0D0FF00D09CF3 /* Build configuration list for PBXNativeTarget "Pokemon jr." */ = {
			isa = XCConfigurationList;
			buildConfigurations = (
				D49FC81B1EC0D0FF00D09CF3 /* Debug */,
				D49FC81C1EC0D0FF00D09CF3 /* Release */,
			);
			defaultConfigurationIsVisible = 0;
			defaultConfigurationName = Release;
		};
/* End XCConfigurationList section */

/* Begin XCVersionGroup section */
		D49FC80F1EC0D0FF00D09CF3 /* Pokemon_jr_.xcdatamodeld */ = {
			isa = XCVersionGroup;
			children = (
				D49FC8101EC0D0FF00D09CF3 /* Pokemon_jr_.xcdatamodel */,
			);
			currentVersion = D49FC8101EC0D0FF00D09CF3 /* Pokemon_jr_.xcdatamodel */;
			path = Pokemon_jr_.xcdatamodeld;
			sourceTree = "<group>";
			versionGroupType = wrapper.xcdatamodel;
		};
/* End XCVersionGroup section */
	};
	rootObject = D49FC7FD1EC0D0FE00D09CF3 /* Project object */;
}
